
Microsoft Visual Studio Solution File, Format Version 12.00
# Visual Studio Version 16
VisualStudioVersion = 16.0.31402.337
MinimumVisualStudioVersion = 10.0.40219.1
Project("{FAE04EC0-301F-11D3-BF4B-00C04F79EFBC}") = "HotelListing", "HotelListing.csproj", "{11978379-9DE3-4ACC-AD86-B68F078C8CF5}"
EndProject
Global
	GlobalSection(SolutionConfigurationPlatforms) = preSolution
		Debug|Any CPU = Debug|Any CPU
		Release|Any CPU = Release|Any CPU
	EndGlobalSection
	GlobalSection(ProjectConfigurationPlatforms) = postSolution
		{11978379-9DE3-4ACC-AD86-B68F078C8CF5}.Debug|Any CPU.ActiveCfg = Debug|Any CPU
		{11978379-9DE3-4ACC-AD86-B68F078C8CF5}.Debug|Any CPU.Build.0 = Debug|Any CPU
		{11978379-9DE3-4ACC-AD86-B68F078C8CF5}.Release|Any CPU.ActiveCfg = Release|Any CPU
		{11978379-9DE3-4ACC-AD86-B68F078C8CF5}.Release|Any CPU.Build.0 = Release|Any CPU
	EndGlobalSection
	GlobalSection(SolutionProperties) = preSolution
		HideSolutionNode = FALSE
	EndGlobalSection
	GlobalSection(ExtensibilityGlobals) = postSolution
		SolutionGuid = {4DC8AB47-02D9-41E0-937F-5AE6351C5384}
	EndGlobalSection
EndGlobal
